// !$*UTF8*$!
{
	archiveVersion = 1;
	classes = {
	};
	objectVersion = 55;
	objects = {

/* Begin PBXBuildFile section */
		675DAB5F286CED55007CC83C /* DetailViewController.swift in Sources */ = {isa = PBXBuildFile; fileRef = 675DAB5D286CED55007CC83C /* DetailViewController.swift */; };
		675DAB60286CED55007CC83C /* DetailViewController.xib in Resources */ = {isa = PBXBuildFile; fileRef = 675DAB5E286CED55007CC83C /* DetailViewController.xib */; };
		675DAB63286CEE85007CC83C /* DetailTableViewCell.swift in Sources */ = {isa = PBXBuildFile; fileRef = 675DAB61286CEE85007CC83C /* DetailTableViewCell.swift */; };
		675DAB64286CEE85007CC83C /* DetailTableViewCell.xib in Resources */ = {isa = PBXBuildFile; fileRef = 675DAB62286CEE85007CC83C /* DetailTableViewCell.xib */; };
		675DAB66286D0CD8007CC83C /* Result.swift in Sources */ = {isa = PBXBuildFile; fileRef = 675DAB65286D0CD8007CC83C /* Result.swift */; };
		675DAB6B286DE607007CC83C /* InitialTableViewCell.swift in Sources */ = {isa = PBXBuildFile; fileRef = 675DAB69286DE607007CC83C /* InitialTableViewCell.swift */; };
		675DAB6C286DE607007CC83C /* InitialTableViewCell.xib in Resources */ = {isa = PBXBuildFile; fileRef = 675DAB6A286DE607007CC83C /* InitialTableViewCell.xib */; };
		675DAB77286E2BEF007CC83C /* Highlights.swift in Sources */ = {isa = PBXBuildFile; fileRef = 675DAB76286E2BEF007CC83C /* Highlights.swift */; };
		675DAB7D286F9D2A007CC83C /* InitialViewModel.swift in Sources */ = {isa = PBXBuildFile; fileRef = 675DAB7C286F9D29007CC83C /* InitialViewModel.swift */; };
		675DAB7F286FA998007CC83C /* ItemCategory.swift in Sources */ = {isa = PBXBuildFile; fileRef = 675DAB7E286FA998007CC83C /* ItemCategory.swift */; };
		67692C34286C9741005C0848 /* AppDelegate.swift in Sources */ = {isa = PBXBuildFile; fileRef = 67692C33286C9741005C0848 /* AppDelegate.swift */; };
		67692C36286C9741005C0848 /* SceneDelegate.swift in Sources */ = {isa = PBXBuildFile; fileRef = 67692C35286C9741005C0848 /* SceneDelegate.swift */; };
		67692C3D286C9742005C0848 /* Assets.xcassets in Resources */ = {isa = PBXBuildFile; fileRef = 67692C3C286C9742005C0848 /* Assets.xcassets */; };
		67692C40286C9742005C0848 /* LaunchScreen.storyboard in Resources */ = {isa = PBXBuildFile; fileRef = 67692C3E286C9742005C0848 /* LaunchScreen.storyboard */; };
		67692C4B286C9742005C0848 /* JobReadinessTests.swift in Sources */ = {isa = PBXBuildFile; fileRef = 67692C4A286C9742005C0848 /* JobReadinessTests.swift */; };
		67692C55286C9742005C0848 /* JobReadinessUITests.swift in Sources */ = {isa = PBXBuildFile; fileRef = 67692C54286C9742005C0848 /* JobReadinessUITests.swift */; };
		67692C57286C9743005C0848 /* JobReadinessUITestsLaunchTests.swift in Sources */ = {isa = PBXBuildFile; fileRef = 67692C56286C9743005C0848 /* JobReadinessUITestsLaunchTests.swift */; };
		67692C65286CAF31005C0848 /* InitialViewController.swift in Sources */ = {isa = PBXBuildFile; fileRef = 67692C63286CAF31005C0848 /* InitialViewController.swift */; };
		67692C66286CAF31005C0848 /* InitialViewController.xib in Resources */ = {isa = PBXBuildFile; fileRef = 67692C64286CAF31005C0848 /* InitialViewController.xib */; };
		67692C69286CB03D005C0848 /* Categories.swift in Sources */ = {isa = PBXBuildFile; fileRef = 67692C68286CB03D005C0848 /* Categories.swift */; };
		67692C6C286CB064005C0848 /* ServiceApi.swift in Sources */ = {isa = PBXBuildFile; fileRef = 67692C6B286CB064005C0848 /* ServiceApi.swift */; };
/* End PBXBuildFile section */

/* Begin PBXContainerItemProxy section */
		67692C47286C9742005C0848 /* PBXContainerItemProxy */ = {
			isa = PBXContainerItemProxy;
			containerPortal = 67692C28286C9740005C0848 /* Project object */;
			proxyType = 1;
			remoteGlobalIDString = 67692C2F286C9741005C0848;
			remoteInfo = JobReadiness;
		};
		67692C51286C9742005C0848 /* PBXContainerItemProxy */ = {
			isa = PBXContainerItemProxy;
			containerPortal = 67692C28286C9740005C0848 /* Project object */;
			proxyType = 1;
			remoteGlobalIDString = 67692C2F286C9741005C0848;
			remoteInfo = JobReadiness;
		};
/* End PBXContainerItemProxy section */

/* Begin PBXFileReference section */
		675DAB5D286CED55007CC83C /* DetailViewController.swift */ = {isa = PBXFileReference; lastKnownFileType = sourcecode.swift; path = DetailViewController.swift; sourceTree = "<group>"; };
		675DAB5E286CED55007CC83C /* DetailViewController.xib */ = {isa = PBXFileReference; lastKnownFileType = file.xib; path = DetailViewController.xib; sourceTree = "<group>"; };
		675DAB61286CEE85007CC83C /* DetailTableViewCell.swift */ = {isa = PBXFileReference; lastKnownFileType = sourcecode.swift; path = DetailTableViewCell.swift; sourceTree = "<group>"; };
		675DAB62286CEE85007CC83C /* DetailTableViewCell.xib */ = {isa = PBXFileReference; lastKnownFileType = file.xib; path = DetailTableViewCell.xib; sourceTree = "<group>"; };
		675DAB65286D0CD8007CC83C /* Result.swift */ = {isa = PBXFileReference; lastKnownFileType = sourcecode.swift; path = Result.swift; sourceTree = "<group>"; };
		675DAB69286DE607007CC83C /* InitialTableViewCell.swift */ = {isa = PBXFileReference; lastKnownFileType = sourcecode.swift; path = InitialTableViewCell.swift; sourceTree = "<group>"; };
		675DAB6A286DE607007CC83C /* InitialTableViewCell.xib */ = {isa = PBXFileReference; lastKnownFileType = file.xib; path = InitialTableViewCell.xib; sourceTree = "<group>"; };
		675DAB76286E2BEF007CC83C /* Highlights.swift */ = {isa = PBXFileReference; lastKnownFileType = sourcecode.swift; path = Highlights.swift; sourceTree = "<group>"; };
		675DAB7C286F9D29007CC83C /* InitialViewModel.swift */ = {isa = PBXFileReference; lastKnownFileType = sourcecode.swift; path = InitialViewModel.swift; sourceTree = "<group>"; };
		675DAB7E286FA998007CC83C /* ItemCategory.swift */ = {isa = PBXFileReference; lastKnownFileType = sourcecode.swift; path = ItemCategory.swift; sourceTree = "<group>"; };
		67692C30286C9741005C0848 /* JobReadiness.app */ = {isa = PBXFileReference; explicitFileType = wrapper.application; includeInIndex = 0; path = JobReadiness.app; sourceTree = BUILT_PRODUCTS_DIR; };
		67692C33286C9741005C0848 /* AppDelegate.swift */ = {isa = PBXFileReference; lastKnownFileType = sourcecode.swift; path = AppDelegate.swift; sourceTree = "<group>"; };
		67692C35286C9741005C0848 /* SceneDelegate.swift */ = {isa = PBXFileReference; lastKnownFileType = sourcecode.swift; path = SceneDelegate.swift; sourceTree = "<group>"; };
		67692C3C286C9742005C0848 /* Assets.xcassets */ = {isa = PBXFileReference; lastKnownFileType = folder.assetcatalog; path = Assets.xcassets; sourceTree = "<group>"; };
		67692C3F286C9742005C0848 /* Base */ = {isa = PBXFileReference; lastKnownFileType = file.storyboard; name = Base; path = Base.lproj/LaunchScreen.storyboard; sourceTree = "<group>"; };
		67692C41286C9742005C0848 /* Info.plist */ = {isa = PBXFileReference; lastKnownFileType = text.plist.xml; path = Info.plist; sourceTree = "<group>"; };
		67692C46286C9742005C0848 /* JobReadinessTests.xctest */ = {isa = PBXFileReference; explicitFileType = wrapper.cfbundle; includeInIndex = 0; path = JobReadinessTests.xctest; sourceTree = BUILT_PRODUCTS_DIR; };
		67692C4A286C9742005C0848 /* JobReadinessTests.swift */ = {isa = PBXFileReference; lastKnownFileType = sourcecode.swift; path = JobReadinessTests.swift; sourceTree = "<group>"; };
		67692C50286C9742005C0848 /* JobReadinessUITests.xctest */ = {isa = PBXFileReference; explicitFileType = wrapper.cfbundle; includeInIndex = 0; path = JobReadinessUITests.xctest; sourceTree = BUILT_PRODUCTS_DIR; };
		67692C54286C9742005C0848 /* JobReadinessUITests.swift */ = {isa = PBXFileReference; lastKnownFileType = sourcecode.swift; path = JobReadinessUITests.swift; sourceTree = "<group>"; };
		67692C56286C9743005C0848 /* JobReadinessUITestsLaunchTests.swift */ = {isa = PBXFileReference; lastKnownFileType = sourcecode.swift; path = JobReadinessUITestsLaunchTests.swift; sourceTree = "<group>"; };
		67692C63286CAF31005C0848 /* InitialViewController.swift */ = {isa = PBXFileReference; lastKnownFileType = sourcecode.swift; path = InitialViewController.swift; sourceTree = "<group>"; };
		67692C64286CAF31005C0848 /* InitialViewController.xib */ = {isa = PBXFileReference; lastKnownFileType = file.xib; path = InitialViewController.xib; sourceTree = "<group>"; };
		67692C68286CB03D005C0848 /* Categories.swift */ = {isa = PBXFileReference; lastKnownFileType = sourcecode.swift; path = Categories.swift; sourceTree = "<group>"; };
		67692C6B286CB064005C0848 /* ServiceApi.swift */ = {isa = PBXFileReference; lastKnownFileType = sourcecode.swift; path = ServiceApi.swift; sourceTree = "<group>"; };
/* End PBXFileReference section */

/* Begin PBXFrameworksBuildPhase section */
		67692C2D286C9741005C0848 /* Frameworks */ = {
			isa = PBXFrameworksBuildPhase;
			buildActionMask = 2147483647;
			files = (
			);
			runOnlyForDeploymentPostprocessing = 0;
		};
		67692C43286C9742005C0848 /* Frameworks */ = {
			isa = PBXFrameworksBuildPhase;
			buildActionMask = 2147483647;
			files = (
			);
			runOnlyForDeploymentPostprocessing = 0;
		};
		67692C4D286C9742005C0848 /* Frameworks */ = {
			isa = PBXFrameworksBuildPhase;
			buildActionMask = 2147483647;
			files = (
			);
			runOnlyForDeploymentPostprocessing = 0;
		};
/* End PBXFrameworksBuildPhase section */

/* Begin PBXGroup section */
		675DAB6D286E02F5007CC83C /* Service */ = {
			isa = PBXGroup;
			children = (
				67692C6B286CB064005C0848 /* ServiceApi.swift */,
			);
			path = Service;
			sourceTree = "<group>";
		};
		675DAB80286FAE3E007CC83C /* ViewModel */ = {
			isa = PBXGroup;
			children = (
				675DAB7C286F9D29007CC83C /* InitialViewModel.swift */,
			);
			path = ViewModel;
			sourceTree = "<group>";
		};
		67692C27286C9740005C0848 = {
			isa = PBXGroup;
			children = (
				67692C32286C9741005C0848 /* JobReadiness */,
				67692C49286C9742005C0848 /* JobReadinessTests */,
				67692C53286C9742005C0848 /* JobReadinessUITests */,
				67692C31286C9741005C0848 /* Products */,
			);
			sourceTree = "<group>";
		};
		67692C31286C9741005C0848 /* Products */ = {
			isa = PBXGroup;
			children = (
				67692C30286C9741005C0848 /* JobReadiness.app */,
				67692C46286C9742005C0848 /* JobReadinessTests.xctest */,
				67692C50286C9742005C0848 /* JobReadinessUITests.xctest */,
			);
			name = Products;
			sourceTree = "<group>";
		};
		67692C32286C9741005C0848 /* JobReadiness */ = {
			isa = PBXGroup;
			children = (
				67692C6A286CB044005C0848 /* Model */,
				675DAB6D286E02F5007CC83C /* Service */,
				675DAB80286FAE3E007CC83C /* ViewModel */,
				67692C67286CB018005C0848 /* View */,
				67692C33286C9741005C0848 /* AppDelegate.swift */,
				67692C35286C9741005C0848 /* SceneDelegate.swift */,
				67692C3C286C9742005C0848 /* Assets.xcassets */,
				67692C3E286C9742005C0848 /* LaunchScreen.storyboard */,
				67692C41286C9742005C0848 /* Info.plist */,
			);
			path = JobReadiness;
			sourceTree = "<group>";
		};
		67692C49286C9742005C0848 /* JobReadinessTests */ = {
			isa = PBXGroup;
			children = (
				67692C4A286C9742005C0848 /* JobReadinessTests.swift */,
			);
			path = JobReadinessTests;
			sourceTree = "<group>";
		};
		67692C53286C9742005C0848 /* JobReadinessUITests */ = {
			isa = PBXGroup;
			children = (
				67692C54286C9742005C0848 /* JobReadinessUITests.swift */,
				67692C56286C9743005C0848 /* JobReadinessUITestsLaunchTests.swift */,
			);
			path = JobReadinessUITests;
			sourceTree = "<group>";
		};
		67692C67286CB018005C0848 /* View */ = {
			isa = PBXGroup;
			children = (
				67692C63286CAF31005C0848 /* InitialViewController.swift */,
				67692C64286CAF31005C0848 /* InitialViewController.xib */,
				675DAB69286DE607007CC83C /* InitialTableViewCell.swift */,
				675DAB6A286DE607007CC83C /* InitialTableViewCell.xib */,
				675DAB5D286CED55007CC83C /* DetailViewController.swift */,
				675DAB5E286CED55007CC83C /* DetailViewController.xib */,
				675DAB61286CEE85007CC83C /* DetailTableViewCell.swift */,
				675DAB62286CEE85007CC83C /* DetailTableViewCell.xib */,
			);
			path = View;
			sourceTree = "<group>";
		};
		67692C6A286CB044005C0848 /* Model */ = {
			isa = PBXGroup;
			children = (
				67692C68286CB03D005C0848 /* Categories.swift */,
				675DAB65286D0CD8007CC83C /* Result.swift */,
				675DAB76286E2BEF007CC83C /* Highlights.swift */,
				675DAB7E286FA998007CC83C /* ItemCategory.swift */,
			);
			path = Model;
			sourceTree = "<group>";
		};
/* End PBXGroup section */

/* Begin PBXNativeTarget section */
		67692C2F286C9741005C0848 /* JobReadiness */ = {
			isa = PBXNativeTarget;
			buildConfigurationList = 67692C5A286C9743005C0848 /* Build configuration list for PBXNativeTarget "JobReadiness" */;
			buildPhases = (
				67692C2C286C9741005C0848 /* Sources */,
				67692C2D286C9741005C0848 /* Frameworks */,
				67692C2E286C9741005C0848 /* Resources */,
			);
			buildRules = (
			);
			dependencies = (
			);
			name = JobReadiness;
			productName = JobReadiness;
			productReference = 67692C30286C9741005C0848 /* JobReadiness.app */;
			productType = "com.apple.product-type.application";
		};
		67692C45286C9742005C0848 /* JobReadinessTests */ = {
			isa = PBXNativeTarget;
			buildConfigurationList = 67692C5D286C9743005C0848 /* Build configuration list for PBXNativeTarget "JobReadinessTests" */;
			buildPhases = (
				67692C42286C9742005C0848 /* Sources */,
				67692C43286C9742005C0848 /* Frameworks */,
				67692C44286C9742005C0848 /* Resources */,
			);
			buildRules = (
			);
			dependencies = (
				67692C48286C9742005C0848 /* PBXTargetDependency */,
			);
			name = JobReadinessTests;
			productName = JobReadinessTests;
			productReference = 67692C46286C9742005C0848 /* JobReadinessTests.xctest */;
			productType = "com.apple.product-type.bundle.unit-test";
		};
		67692C4F286C9742005C0848 /* JobReadinessUITests */ = {
			isa = PBXNativeTarget;
			buildConfigurationList = 67692C60286C9743005C0848 /* Build configuration list for PBXNativeTarget "JobReadinessUITests" */;
			buildPhases = (
				67692C4C286C9742005C0848 /* Sources */,
				67692C4D286C9742005C0848 /* Frameworks */,
				67692C4E286C9742005C0848 /* Resources */,
			);
			buildRules = (
			);
			dependencies = (
				67692C52286C9742005C0848 /* PBXTargetDependency */,
			);
			name = JobReadinessUITests;
			productName = JobReadinessUITests;
			productReference = 67692C50286C9742005C0848 /* JobReadinessUITests.xctest */;
			productType = "com.apple.product-type.bundle.ui-testing";
		};
/* End PBXNativeTarget section */

/* Begin PBXProject section */
		67692C28286C9740005C0848 /* Project object */ = {
			isa = PBXProject;
			attributes = {
				BuildIndependentTargetsInParallel = 1;
				LastSwiftUpdateCheck = 1340;
				LastUpgradeCheck = 1340;
				TargetAttributes = {
					67692C2F286C9741005C0848 = {
						CreatedOnToolsVersion = 13.4.1;
					};
					67692C45286C9742005C0848 = {
						CreatedOnToolsVersion = 13.4.1;
						TestTargetID = 67692C2F286C9741005C0848;
					};
					67692C4F286C9742005C0848 = {
						CreatedOnToolsVersion = 13.4.1;
						TestTargetID = 67692C2F286C9741005C0848;
					};
				};
			};
			buildConfigurationList = 67692C2B286C9740005C0848 /* Build configuration list for PBXProject "JobReadiness" */;
			compatibilityVersion = "Xcode 13.0";
			developmentRegion = en;
			hasScannedForEncodings = 0;
			knownRegions = (
				en,
				Base,
			);
			mainGroup = 67692C27286C9740005C0848;
			productRefGroup = 67692C31286C9741005C0848 /* Products */;
			projectDirPath = "";
			projectRoot = "";
			targets = (
				67692C2F286C9741005C0848 /* JobReadiness */,
				67692C45286C9742005C0848 /* JobReadinessTests */,
				67692C4F286C9742005C0848 /* JobReadinessUITests */,
			);
		};
/* End PBXProject section */

/* Begin PBXResourcesBuildPhase section */
		67692C2E286C9741005C0848 /* Resources */ = {
			isa = PBXResourcesBuildPhase;
			buildActionMask = 2147483647;
			files = (
				67692C40286C9742005C0848 /* LaunchScreen.storyboard in Resources */,
				675DAB60286CED55007CC83C /* DetailViewController.xib in Resources */,
				67692C3D286C9742005C0848 /* Assets.xcassets in Resources */,
				675DAB64286CEE85007CC83C /* DetailTableViewCell.xib in Resources */,
				67692C66286CAF31005C0848 /* InitialViewController.xib in Resources */,
				675DAB6C286DE607007CC83C /* InitialTableViewCell.xib in Resources */,
			);
			runOnlyForDeploymentPostprocessing = 0;
		};
		67692C44286C9742005C0848 /* Resources */ = {
			isa = PBXResourcesBuildPhase;
			buildActionMask = 2147483647;
			files = (
			);
			runOnlyForDeploymentPostprocessing = 0;
		};
		67692C4E286C9742005C0848 /* Resources */ = {
			isa = PBXResourcesBuildPhase;
			buildActionMask = 2147483647;
			files = (
			);
			runOnlyForDeploymentPostprocessing = 0;
		};
/* End PBXResourcesBuildPhase section */

/* Begin PBXSourcesBuildPhase section */
		67692C2C286C9741005C0848 /* Sources */ = {
			isa = PBXSourcesBuildPhase;
			buildActionMask = 2147483647;
			files = (
				675DAB5F286CED55007CC83C /* DetailViewController.swift in Sources */,
				67692C34286C9741005C0848 /* AppDelegate.swift in Sources */,
				67692C6C286CB064005C0848 /* ServiceApi.swift in Sources */,
				67692C69286CB03D005C0848 /* Categories.swift in Sources */,
				675DAB66286D0CD8007CC83C /* Result.swift in Sources */,
				675DAB7D286F9D2A007CC83C /* InitialViewModel.swift in Sources */,
				675DAB7F286FA998007CC83C /* ItemCategory.swift in Sources */,
				67692C36286C9741005C0848 /* SceneDelegate.swift in Sources */,
				675DAB77286E2BEF007CC83C /* Highlights.swift in Sources */,
				67692C65286CAF31005C0848 /* InitialViewController.swift in Sources */,
				675DAB6B286DE607007CC83C /* InitialTableViewCell.swift in Sources */,
				675DAB63286CEE85007CC83C /* DetailTableViewCell.swift in Sources */,
			);
			runOnlyForDeploymentPostprocessing = 0;
		};
		67692C42286C9742005C0848 /* Sources */ = {
			isa = PBXSourcesBuildPhase;
			buildActionMask = 2147483647;
			files = (
				67692C4B286C9742005C0848 /* JobReadinessTests.swift in Sources */,
			);
			runOnlyForDeploymentPostprocessing = 0;
		};
		67692C4C286C9742005C0848 /* Sources */ = {
			isa = PBXSourcesBuildPhase;
			buildActionMask = 2147483647;
			files = (
				67692C55286C9742005C0848 /* JobReadinessUITests.swift in Sources */,
				67692C57286C9743005C0848 /* JobReadinessUITestsLaunchTests.swift in Sources */,
			);
			runOnlyForDeploymentPostprocessing = 0;
		};
/* End PBXSourcesBuildPhase section */

/* Begin PBXTargetDependency section */
		67692C48286C9742005C0848 /* PBXTargetDependency */ = {
			isa = PBXTargetDependency;
			target = 67692C2F286C9741005C0848 /* JobReadiness */;
			targetProxy = 67692C47286C9742005C0848 /* PBXContainerItemProxy */;
		};
		67692C52286C9742005C0848 /* PBXTargetDependency */ = {
			isa = PBXTargetDependency;
			target = 67692C2F286C9741005C0848 /* JobReadiness */;
			targetProxy = 67692C51286C9742005C0848 /* PBXContainerItemProxy */;
		};
/* End PBXTargetDependency section */

/* Begin PBXVariantGroup section */
		67692C3E286C9742005C0848 /* LaunchScreen.storyboard */ = {
			isa = PBXVariantGroup;
			children = (
				67692C3F286C9742005C0848 /* Base */,
			);
			name = LaunchScreen.storyboard;
			sourceTree = "<group>";
		};
/* End PBXVariantGroup section */

/* Begin XCBuildConfiguration section */
		67692C58286C9743005C0848 /* Debug */ = {
			isa = XCBuildConfiguration;
			buildSettings = {
				ALWAYS_SEARCH_USER_PATHS = NO;
				CLANG_ANALYZER_NONNULL = YES;
				CLANG_ANALYZER_NUMBER_OBJECT_CONVERSION = YES_AGGRESSIVE;
				CLANG_CXX_LANGUAGE_STANDARD = "gnu++17";
				CLANG_ENABLE_MODULES = YES;
				CLANG_ENABLE_OBJC_ARC = YES;
				CLANG_ENABLE_OBJC_WEAK = YES;
				CLANG_WARN_BLOCK_CAPTURE_AUTORELEASING = YES;
				CLANG_WARN_BOOL_CONVERSION = YES;
				CLANG_WARN_COMMA = YES;
				CLANG_WARN_CONSTANT_CONVERSION = YES;
				CLANG_WARN_DEPRECATED_OBJC_IMPLEMENTATIONS = YES;
				CLANG_WARN_DIRECT_OBJC_ISA_USAGE = YES_ERROR;
				CLANG_WARN_DOCUMENTATION_COMMENTS = YES;
				CLANG_WARN_EMPTY_BODY = YES;
				CLANG_WARN_ENUM_CONVERSION = YES;
				CLANG_WARN_INFINITE_RECURSION = YES;
				CLANG_WARN_INT_CONVERSION = YES;
				CLANG_WARN_NON_LITERAL_NULL_CONVERSION = YES;
				CLANG_WARN_OBJC_IMPLICIT_RETAIN_SELF = YES;
				CLANG_WARN_OBJC_LITERAL_CONVERSION = YES;
				CLANG_WARN_OBJC_ROOT_CLASS = YES_ERROR;
				CLANG_WARN_QUOTED_INCLUDE_IN_FRAMEWORK_HEADER = YES;
				CLANG_WARN_RANGE_LOOP_ANALYSIS = YES;
				CLANG_WARN_STRICT_PROTOTYPES = YES;
				CLANG_WARN_SUSPICIOUS_MOVE = YES;
				CLANG_WARN_UNGUARDED_AVAILABILITY = YES_AGGRESSIVE;
				CLANG_WARN_UNREACHABLE_CODE = YES;
				CLANG_WARN__DUPLICATE_METHOD_MATCH = YES;
				COPY_PHASE_STRIP = NO;
				DEBUG_INFORMATION_FORMAT = dwarf;
				ENABLE_STRICT_OBJC_MSGSEND = YES;
				ENABLE_TESTABILITY = YES;
				GCC_C_LANGUAGE_STANDARD = gnu11;
				GCC_DYNAMIC_NO_PIC = NO;
				GCC_NO_COMMON_BLOCKS = YES;
				GCC_OPTIMIZATION_LEVEL = 0;
				GCC_PREPROCESSOR_DEFINITIONS = (
					"DEBUG=1",
					"$(inherited)",
				);
				GCC_WARN_64_TO_32_BIT_CONVERSION = YES;
				GCC_WARN_ABOUT_RETURN_TYPE = YES_ERROR;
				GCC_WARN_UNDECLARED_SELECTOR = YES;
				GCC_WARN_UNINITIALIZED_AUTOS = YES_AGGRESSIVE;
				GCC_WARN_UNUSED_FUNCTION = YES;
				GCC_WARN_UNUSED_VARIABLE = YES;
				IPHONEOS_DEPLOYMENT_TARGET = 15.5;
				MTL_ENABLE_DEBUG_INFO = INCLUDE_SOURCE;
				MTL_FAST_MATH = YES;
				ONLY_ACTIVE_ARCH = YES;
				SDKROOT = iphoneos;
				SWIFT_ACTIVE_COMPILATION_CONDITIONS = DEBUG;
				SWIFT_OPTIMIZATION_LEVEL = "-Onone";
			};
			name = Debug;
		};
		67692C59286C9743005C0848 /* Release */ = {
			isa = XCBuildConfiguration;
			buildSettings = {
				ALWAYS_SEARCH_USER_PATHS = NO;
				CLANG_ANALYZER_NONNULL = YES;
				CLANG_ANALYZER_NUMBER_OBJECT_CONVERSION = YES_AGGRESSIVE;
				CLANG_CXX_LANGUAGE_STANDARD = "gnu++17";
				CLANG_ENABLE_MODULES = YES;
				CLANG_ENABLE_OBJC_ARC = YES;
				CLANG_ENABLE_OBJC_WEAK = YES;
				CLANG_WARN_BLOCK_CAPTURE_AUTORELEASING = YES;
				CLANG_WARN_BOOL_CONVERSION = YES;
				CLANG_WARN_COMMA = YES;
				CLANG_WARN_CONSTANT_CONVERSION = YES;
				CLANG_WARN_DEPRECATED_OBJC_IMPLEMENTATIONS = YES;
				CLANG_WARN_DIRECT_OBJC_ISA_USAGE = YES_ERROR;
				CLANG_WARN_DOCUMENTATION_COMMENTS = YES;
				CLANG_WARN_EMPTY_BODY = YES;
				CLANG_WARN_ENUM_CONVERSION = YES;
				CLANG_WARN_INFINITE_RECURSION = YES;
				CLANG_WARN_INT_CONVERSION = YES;
				CLANG_WARN_NON_LITERAL_NULL_CONVERSION = YES;
				CLANG_WARN_OBJC_IMPLICIT_RETAIN_SELF = YES;
				CLANG_WARN_OBJC_LITERAL_CONVERSION = YES;
				CLANG_WARN_OBJC_ROOT_CLASS = YES_ERROR;
				CLANG_WARN_QUOTED_INCLUDE_IN_FRAMEWORK_HEADER = YES;
				CLANG_WARN_RANGE_LOOP_ANALYSIS = YES;
				CLANG_WARN_STRICT_PROTOTYPES = YES;
				CLANG_WARN_SUSPICIOUS_MOVE = YES;
				CLANG_WARN_UNGUARDED_AVAILABILITY = YES_AGGRESSIVE;
				CLANG_WARN_UNREACHABLE_CODE = YES;
				CLANG_WARN__DUPLICATE_METHOD_MATCH = YES;
				COPY_PHASE_STRIP = NO;
				DEBUG_INFORMATION_FORMAT = "dwarf-with-dsym";
				ENABLE_NS_ASSERTIONS = NO;
				ENABLE_STRICT_OBJC_MSGSEND = YES;
				GCC_C_LANGUAGE_STANDARD = gnu11;
				GCC_NO_COMMON_BLOCKS = YES;
				GCC_WARN_64_TO_32_BIT_CONVERSION = YES;
				GCC_WARN_ABOUT_RETURN_TYPE = YES_ERROR;
				GCC_WARN_UNDECLARED_SELECTOR = YES;
				GCC_WARN_UNINITIALIZED_AUTOS = YES_AGGRESSIVE;
				GCC_WARN_UNUSED_FUNCTION = YES;
				GCC_WARN_UNUSED_VARIABLE = YES;
				IPHONEOS_DEPLOYMENT_TARGET = 15.5;
				MTL_ENABLE_DEBUG_INFO = NO;
				MTL_FAST_MATH = YES;
				SDKROOT = iphoneos;
				SWIFT_COMPILATION_MODE = wholemodule;
				SWIFT_OPTIMIZATION_LEVEL = "-O";
				VALIDATE_PRODUCT = YES;
			};
			name = Release;
		};
		67692C5B286C9743005C0848 /* Debug */ = {
			isa = XCBuildConfiguration;
			buildSettings = {
				ASSETCATALOG_COMPILER_APPICON_NAME = AppIcon;
				ASSETCATALOG_COMPILER_GLOBAL_ACCENT_COLOR_NAME = AccentColor;
				CODE_SIGN_STYLE = Automatic;
				CURRENT_PROJECT_VERSION = 1;
				DEVELOPMENT_TEAM = GK69797R32;
				GENERATE_INFOPLIST_FILE = YES;
				INFOPLIST_FILE = JobReadiness/Info.plist;
				INFOPLIST_KEY_UIApplicationSupportsIndirectInputEvents = YES;
				INFOPLIST_KEY_UILaunchStoryboardName = LaunchScreen;
				INFOPLIST_KEY_UISupportedInterfaceOrientations_iPad = "UIInterfaceOrientationPortrait UIInterfaceOrientationPortraitUpsideDown UIInterfaceOrientationLandscapeLeft UIInterfaceOrientationLandscapeRight";
				INFOPLIST_KEY_UISupportedInterfaceOrientations_iPhone = "UIInterfaceOrientationPortrait UIInterfaceOrientationLandscapeLeft UIInterfaceOrientationLandscapeRight";
				LD_RUNPATH_SEARCH_PATHS = (
					"$(inherited)",
					"@executable_path/Frameworks",
				);
				MARKETING_VERSION = 1.0;
				PRODUCT_BUNDLE_IDENTIFIER = bootcamp.JobReadiness;
				PRODUCT_NAME = "$(TARGET_NAME)";
				SWIFT_EMIT_LOC_STRINGS = YES;
				SWIFT_VERSION = 5.0;
				TARGETED_DEVICE_FAMILY = "1,2";
			};
			name = Debug;
		};
		67692C5C286C9743005C0848 /* Release */ = {
			isa = XCBuildConfiguration;
			buildSettings = {
				ASSETCATALOG_COMPILER_APPICON_NAME = AppIcon;
				ASSETCATALOG_COMPILER_GLOBAL_ACCENT_COLOR_NAME = AccentColor;
				CODE_SIGN_STYLE = Automatic;
				CURRENT_PROJECT_VERSION = 1;
				DEVELOPMENT_TEAM = GK69797R32;
				GENERATE_INFOPLIST_FILE = YES;
				INFOPLIST_FILE = JobReadiness/Info.plist;
				INFOPLIST_KEY_UIApplicationSupportsIndirectInputEvents = YES;
				INFOPLIST_KEY_UILaunchStoryboardName = LaunchScreen;
				INFOPLIST_KEY_UISupportedInterfaceOrientations_iPad = "UIInterfaceOrientationPortrait UIInterfaceOrientationPortraitUpsideDown UIInterfaceOrientationLandscapeLeft UIInterfaceOrientationLandscapeRight";
				INFOPLIST_KEY_UISupportedInterfaceOrientations_iPhone = "UIInterfaceOrientationPortrait UIInterfaceOrientationLandscapeLeft UIInterfaceOrientationLandscapeRight";
				LD_RUNPATH_SEARCH_PATHS = (
					"$(inherited)",
					"@executable_path/Frameworks",
				);
				MARKETING_VERSION = 1.0;
				PRODUCT_BUNDLE_IDENTIFIER = bootcamp.JobReadiness;
				PRODUCT_NAME = "$(TARGET_NAME)";
				SWIFT_EMIT_LOC_STRINGS = YES;
				SWIFT_VERSION = 5.0;
				TARGETED_DEVICE_FAMILY = "1,2";
			};
			name = Release;
		};
		67692C5E286C9743005C0848 /* Debug */ = {
			isa = XCBuildConfiguration;
			buildSettings = {
				ALWAYS_EMBED_SWIFT_STANDARD_LIBRARIES = YES;
				BUNDLE_LOADER = "$(TEST_HOST)";
				CODE_SIGN_STYLE = Automatic;
				CURRENT_PROJECT_VERSION = 1;
				DEVELOPMENT_TEAM = GK69797R32;
				GENERATE_INFOPLIST_FILE = YES;
				IPHONEOS_DEPLOYMENT_TARGET = 15.5;
				MARKETING_VERSION = 1.0;
				PRODUCT_BUNDLE_IDENTIFIER = bootcamp.JobReadinessTests;
				PRODUCT_NAME = "$(TARGET_NAME)";
				SWIFT_EMIT_LOC_STRINGS = NO;
				SWIFT_VERSION = 5.0;
				TARGETED_DEVICE_FAMILY = "1,2";
				TEST_HOST = "$(BUILT_PRODUCTS_DIR)/JobReadiness.app/JobReadiness";
			};
			name = Debug;
		};
		67692C5F286C9743005C0848 /* Release */ = {
			isa = XCBuildConfiguration;
			buildSettings = {
				ALWAYS_EMBED_SWIFT_STANDARD_LIBRARIES = YES;
				BUNDLE_LOADER = "$(TEST_HOST)";
				CODE_SIGN_STYLE = Automatic;
				CURRENT_PROJECT_VERSION = 1;
				DEVELOPMENT_TEAM = GK69797R32;
				GENERATE_INFOPLIST_FILE = YES;
				IPHONEOS_DEPLOYMENT_TARGET = 15.5;
				MARKETING_VERSION = 1.0;
				PRODUCT_BUNDLE_IDENTIFIER = bootcamp.JobReadinessTests;
				PRODUCT_NAME = "$(TARGET_NAME)";
				SWIFT_EMIT_LOC_STRINGS = NO;
				SWIFT_VERSION = 5.0;
				TARGETED_DEVICE_FAMILY = "1,2";
				TEST_HOST = "$(BUILT_PRODUCTS_DIR)/JobReadiness.app/JobReadiness";
			};
			name = Release;
		};
		67692C61286C9743005C0848 /* Debug */ = {
			isa = XCBuildConfiguration;
			buildSettings = {
				ALWAYS_EMBED_SWIFT_STANDARD_LIBRARIES = YES;
				CODE_SIGN_STYLE = Automatic;
				CURRENT_PROJECT_VERSION = 1;
				DEVELOPMENT_TEAM = GK69797R32;
				GENERATE_INFOPLIST_FILE = YES;
				MARKETING_VERSION = 1.0;
				PRODUCT_BUNDLE_IDENTIFIER = bootcamp.JobReadinessUITests;
				PRODUCT_NAME = "$(TARGET_NAME)";
				SWIFT_EMIT_LOC_STRINGS = NO;
				SWIFT_VERSION = 5.0;
				TARGETED_DEVICE_FAMILY = "1,2";
				TEST_TARGET_NAME = JobReadiness;
			};
			name = Debug;
		};
		67692C62286C9743005C0848 /* Release */ = {
			isa = XCBuildConfiguration;
			buildSettings = {
				ALWAYS_EMBED_SWIFT_STANDARD_LIBRARIES = YES;
				CODE_SIGN_STYLE = Automatic;
				CURRENT_PROJECT_VERSION = 1;
				DEVELOPMENT_TEAM = GK69797R32;
				GENERATE_INFOPLIST_FILE = YES;
				MARKETING_VERSION = 1.0;
				PRODUCT_BUNDLE_IDENTIFIER = bootcamp.JobReadinessUITests;
				PRODUCT_NAME = "$(TARGET_NAME)";
				SWIFT_EMIT_LOC_STRINGS = NO;
				SWIFT_VERSION = 5.0;
				TARGETED_DEVICE_FAMILY = "1,2";
				TEST_TARGET_NAME = JobReadiness;
			};
			name = Release;
		};
/* End XCBuildConfiguration section */

/* Begin XCConfigurationList section */
		67692C2B286C9740005C0848 /* Build configuration list for PBXProject "JobReadiness" */ = {
			isa = XCConfigurationList;
			buildConfigurations = (
				67692C58286C9743005C0848 /* Debug */,
				67692C59286C9743005C0848 /* Release */,
			);
			defaultConfigurationIsVisible = 0;
			defaultConfigurationName = Release;
		};
		67692C5A286C9743005C0848 /* Build configuration list for PBXNativeTarget "JobReadiness" */ = {
			isa = XCConfigurationList;
			buildConfigurations = (
				67692C5B286C9743005C0848 /* Debug */,
				67692C5C286C9743005C0848 /* Release */,
			);
			defaultConfigurationIsVisible = 0;
			defaultConfigurationName = Release;
		};
		67692C5D286C9743005C0848 /* Build configuration list for PBXNativeTarget "JobReadinessTests" */ = {
			isa = XCConfigurationList;
			buildConfigurations = (
				67692C5E286C9743005C0848 /* Debug */,
				67692C5F286C9743005C0848 /* Release */,
			);
			defaultConfigurationIsVisible = 0;
			defaultConfigurationName = Release;
		};
		67692C60286C9743005C0848 /* Build configuration list for PBXNativeTarget "JobReadinessUITests" */ = {
			isa = XCConfigurationList;
			buildConfigurations = (
				67692C61286C9743005C0848 /* Debug */,
				67692C62286C9743005C0848 /* Release */,
			);
			defaultConfigurationIsVisible = 0;
			defaultConfigurationName = Release;
		};
/* End XCConfigurationList section */
	};
	rootObject = 67692C28286C9740005C0848 /* Project object */;
}
